
Microsoft Visual Studio Solution File, Format Version 12.00
# Visual Studio 14
VisualStudioVersion = 14.0.25420.1
MinimumVisualStudioVersion = 10.0.40219.1
Project("{FAE04EC0-301F-11D3-BF4B-00C04F79EFBC}") = "LSM.Generic.Mvc", "LSM.Generic.Mvc\LSM.Generic.Mvc.csproj", "{B5C73EE2-C7CA-47D1-BF6F-0071B65E1B21}"
EndProject
Project("{FAE04EC0-301F-11D3-BF4B-00C04F79EFBC}") = "LSM.Generic.Repository", "LSM.Generic.Repository\LSM.Generic.Repository.csproj", "{96DA0DCA-DE22-4DCB-B760-E24ECF71EE7E}"
EndProject
Project("{FAE04EC0-301F-11D3-BF4B-00C04F79EFBC}") = "LSM.Generic.WebApi", "LSM.Generic.WebApi\LSM.Generic.WebApi.csproj", "{0F9F9AD3-143E-4C7F-B307-68AAC7D53057}"
EndProject
Project("{FAE04EC0-301F-11D3-BF4B-00C04F79EFBC}") = "LSM.Generic.Repository.SqlServer", "LSM.Generic.Repository.SqlServer\LSM.Generic.Repository.SqlServer.csproj", "{B23F7028-E007-47BE-A103-3F1119881544}"
EndProject
Project("{FAE04EC0-301F-11D3-BF4B-00C04F79EFBC}") = "LSM.Generic.Repository.PostgreSql", "LSM.Generic.Repository.PostgreSql\LSM.Generic.Repository.PostgreSql.csproj", "{4D64E675-AC30-4F49-AADA-35D299D9D94F}"
EndProject
Project("{FAE04EC0-301F-11D3-BF4B-00C04F79EFBC}") = "LSM.Generic.Repository.DataAnnotation", "LSM.Generic.Repository.DataAnnotation\LSM.Generic.Repository.DataAnnotation.csproj", "{3EDF95B6-F2C7-4E55-B3B2-A465B462C3D9}"
EndProject
Project("{2150E333-8FDC-42A3-9474-1A3956D46DE8}") = "Tests", "Tests", "{62EDA5BC-4EC1-4008-AB3D-D5BF8EABF511}"
EndProject
Project("{FAE04EC0-301F-11D3-BF4B-00C04F79EFBC}") = "LSM.Generic.Repository.SqlServer.Tests", "LSM.Generic.Repository.SqlServer.Tests\LSM.Generic.Repository.SqlServer.Tests.csproj", "{25D87635-DA11-4064-A907-3162C1C160F7}"
EndProject
Global
	GlobalSection(SolutionConfigurationPlatforms) = preSolution
		Ad-Hoc|Any CPU = Ad-Hoc|Any CPU
		Ad-Hoc|ARM = Ad-Hoc|ARM
		Ad-Hoc|iPhone = Ad-Hoc|iPhone
		Ad-Hoc|iPhoneSimulator = Ad-Hoc|iPhoneSimulator
		Ad-Hoc|x64 = Ad-Hoc|x64
		Ad-Hoc|x86 = Ad-Hoc|x86
		AppStore|Any CPU = AppStore|Any CPU
		AppStore|ARM = AppStore|ARM
		AppStore|iPhone = AppStore|iPhone
		AppStore|iPhoneSimulator = AppStore|iPhoneSimulator
		AppStore|x64 = AppStore|x64
		AppStore|x86 = AppStore|x86
		Debug|Any CPU = Debug|Any CPU
		Debug|ARM = Debug|ARM
		Debug|iPhone = Debug|iPhone
		Debug|iPhoneSimulator = Debug|iPhoneSimulator
		Debug|x64 = Debug|x64
		Debug|x86 = Debug|x86
		Release|Any CPU = Release|Any CPU
		Release|ARM = Release|ARM
		Release|iPhone = Release|iPhone
		Release|iPhoneSimulator = Release|iPhoneSimulator
		Release|x64 = Release|x64
		Release|x86 = Release|x86
	EndGlobalSection
	GlobalSection(ProjectConfigurationPlatforms) = postSolution
		{B5C73EE2-C7CA-47D1-BF6F-0071B65E1B21}.Ad-Hoc|Any CPU.ActiveCfg = Release|Any CPU
		{B5C73EE2-C7CA-47D1-BF6F-0071B65E1B21}.Ad-Hoc|Any CPU.Build.0 = Release|Any CPU
		{B5C73EE2-C7CA-47D1-BF6F-0071B65E1B21}.Ad-Hoc|ARM.ActiveCfg = Release|Any CPU
		{B5C73EE2-C7CA-47D1-BF6F-0071B65E1B21}.Ad-Hoc|ARM.Build.0 = Release|Any CPU
		{B5C73EE2-C7CA-47D1-BF6F-0071B65E1B21}.Ad-Hoc|iPhone.ActiveCfg = Release|Any CPU
		{B5C73EE2-C7CA-47D1-BF6F-0071B65E1B21}.Ad-Hoc|iPhone.Build.0 = Release|Any CPU
		{B5C73EE2-C7CA-47D1-BF6F-0071B65E1B21}.Ad-Hoc|iPhoneSimulator.ActiveCfg = Release|Any CPU
		{B5C73EE2-C7CA-47D1-BF6F-0071B65E1B21}.Ad-Hoc|iPhoneSimulator.Build.0 = Release|Any CPU
		{B5C73EE2-C7CA-47D1-BF6F-0071B65E1B21}.Ad-Hoc|x64.ActiveCfg = Release|Any CPU
		{B5C73EE2-C7CA-47D1-BF6F-0071B65E1B21}.Ad-Hoc|x64.Build.0 = Release|Any CPU
		{B5C73EE2-C7CA-47D1-BF6F-0071B65E1B21}.Ad-Hoc|x86.ActiveCfg = Release|Any CPU
		{B5C73EE2-C7CA-47D1-BF6F-0071B65E1B21}.Ad-Hoc|x86.Build.0 = Release|Any CPU
		{B5C73EE2-C7CA-47D1-BF6F-0071B65E1B21}.AppStore|Any CPU.ActiveCfg = Release|Any CPU
		{B5C73EE2-C7CA-47D1-BF6F-0071B65E1B21}.AppStore|Any CPU.Build.0 = Release|Any CPU
		{B5C73EE2-C7CA-47D1-BF6F-0071B65E1B21}.AppStore|ARM.ActiveCfg = Release|Any CPU
		{B5C73EE2-C7CA-47D1-BF6F-0071B65E1B21}.AppStore|ARM.Build.0 = Release|Any CPU
		{B5C73EE2-C7CA-47D1-BF6F-0071B65E1B21}.AppStore|iPhone.ActiveCfg = Release|Any CPU
		{B5C73EE2-C7CA-47D1-BF6F-0071B65E1B21}.AppStore|iPhone.Build.0 = Release|Any CPU
		{B5C73EE2-C7CA-47D1-BF6F-0071B65E1B21}.AppStore|iPhoneSimulator.ActiveCfg = Release|Any CPU
		{B5C73EE2-C7CA-47D1-BF6F-0071B65E1B21}.AppStore|iPhoneSimulator.Build.0 = Release|Any CPU
		{B5C73EE2-C7CA-47D1-BF6F-0071B65E1B21}.AppStore|x64.ActiveCfg = Release|Any CPU
		{B5C73EE2-C7CA-47D1-BF6F-0071B65E1B21}.AppStore|x64.Build.0 = Release|Any CPU
		{B5C73EE2-C7CA-47D1-BF6F-0071B65E1B21}.AppStore|x86.ActiveCfg = Release|Any CPU
		{B5C73EE2-C7CA-47D1-BF6F-0071B65E1B21}.AppStore|x86.Build.0 = Release|Any CPU
		{B5C73EE2-C7CA-47D1-BF6F-0071B65E1B21}.Debug|Any CPU.ActiveCfg = Debug|Any CPU
		{B5C73EE2-C7CA-47D1-BF6F-0071B65E1B21}.Debug|Any CPU.Build.0 = Debug|Any CPU
		{B5C73EE2-C7CA-47D1-BF6F-0071B65E1B21}.Debug|ARM.ActiveCfg = Debug|Any CPU
		{B5C73EE2-C7CA-47D1-BF6F-0071B65E1B21}.Debug|ARM.Build.0 = Debug|Any CPU
		{B5C73EE2-C7CA-47D1-BF6F-0071B65E1B21}.Debug|iPhone.ActiveCfg = Debug|Any CPU
		{B5C73EE2-C7CA-47D1-BF6F-0071B65E1B21}.Debug|iPhone.Build.0 = Debug|Any CPU
		{B5C73EE2-C7CA-47D1-BF6F-0071B65E1B21}.Debug|iPhoneSimulator.ActiveCfg = Debug|Any CPU
		{B5C73EE2-C7CA-47D1-BF6F-0071B65E1B21}.Debug|iPhoneSimulator.Build.0 = Debug|Any CPU
		{B5C73EE2-C7CA-47D1-BF6F-0071B65E1B21}.Debug|x64.ActiveCfg = Debug|Any CPU
		{B5C73EE2-C7CA-47D1-BF6F-0071B65E1B21}.Debug|x64.Build.0 = Debug|Any CPU
		{B5C73EE2-C7CA-47D1-BF6F-0071B65E1B21}.Debug|x86.ActiveCfg = Debug|Any CPU
		{B5C73EE2-C7CA-47D1-BF6F-0071B65E1B21}.Debug|x86.Build.0 = Debug|Any CPU
		{B5C73EE2-C7CA-47D1-BF6F-0071B65E1B21}.Release|Any CPU.ActiveCfg = Release|Any CPU
		{B5C73EE2-C7CA-47D1-BF6F-0071B65E1B21}.Release|Any CPU.Build.0 = Release|Any CPU
		{B5C73EE2-C7CA-47D1-BF6F-0071B65E1B21}.Release|ARM.ActiveCfg = Release|Any CPU
		{B5C73EE2-C7CA-47D1-BF6F-0071B65E1B21}.Release|ARM.Build.0 = Release|Any CPU
		{B5C73EE2-C7CA-47D1-BF6F-0071B65E1B21}.Release|iPhone.ActiveCfg = Release|Any CPU
		{B5C73EE2-C7CA-47D1-BF6F-0071B65E1B21}.Release|iPhone.Build.0 = Release|Any CPU
		{B5C73EE2-C7CA-47D1-BF6F-0071B65E1B21}.Release|iPhoneSimulator.ActiveCfg = Release|Any CPU
		{B5C73EE2-C7CA-47D1-BF6F-0071B65E1B21}.Release|iPhoneSimulator.Build.0 = Release|Any CPU
		{B5C73EE2-C7CA-47D1-BF6F-0071B65E1B21}.Release|x64.ActiveCfg = Release|Any CPU
		{B5C73EE2-C7CA-47D1-BF6F-0071B65E1B21}.Release|x64.Build.0 = Release|Any CPU
		{B5C73EE2-C7CA-47D1-BF6F-0071B65E1B21}.Release|x86.ActiveCfg = Release|Any CPU
		{B5C73EE2-C7CA-47D1-BF6F-0071B65E1B21}.Release|x86.Build.0 = Release|Any CPU
		{96DA0DCA-DE22-4DCB-B760-E24ECF71EE7E}.Ad-Hoc|Any CPU.ActiveCfg = Release|Any CPU
		{96DA0DCA-DE22-4DCB-B760-E24ECF71EE7E}.Ad-Hoc|Any CPU.Build.0 = Release|Any CPU
		{96DA0DCA-DE22-4DCB-B760-E24ECF71EE7E}.Ad-Hoc|ARM.ActiveCfg = Release|Any CPU
		{96DA0DCA-DE22-4DCB-B760-E24ECF71EE7E}.Ad-Hoc|ARM.Build.0 = Release|Any CPU
		{96DA0DCA-DE22-4DCB-B760-E24ECF71EE7E}.Ad-Hoc|iPhone.ActiveCfg = Release|Any CPU
		{96DA0DCA-DE22-4DCB-B760-E24ECF71EE7E}.Ad-Hoc|iPhone.Build.0 = Release|Any CPU
		{96DA0DCA-DE22-4DCB-B760-E24ECF71EE7E}.Ad-Hoc|iPhoneSimulator.ActiveCfg = Release|Any CPU
		{96DA0DCA-DE22-4DCB-B760-E24ECF71EE7E}.Ad-Hoc|iPhoneSimulator.Build.0 = Release|Any CPU
		{96DA0DCA-DE22-4DCB-B760-E24ECF71EE7E}.Ad-Hoc|x64.ActiveCfg = Release|Any CPU
		{96DA0DCA-DE22-4DCB-B760-E24ECF71EE7E}.Ad-Hoc|x64.Build.0 = Release|Any CPU
		{96DA0DCA-DE22-4DCB-B760-E24ECF71EE7E}.Ad-Hoc|x86.ActiveCfg = Release|Any CPU
		{96DA0DCA-DE22-4DCB-B760-E24ECF71EE7E}.Ad-Hoc|x86.Build.0 = Release|Any CPU
		{96DA0DCA-DE22-4DCB-B760-E24ECF71EE7E}.AppStore|Any CPU.ActiveCfg = Release|Any CPU
		{96DA0DCA-DE22-4DCB-B760-E24ECF71EE7E}.AppStore|Any CPU.Build.0 = Release|Any CPU
		{96DA0DCA-DE22-4DCB-B760-E24ECF71EE7E}.AppStore|ARM.ActiveCfg = Release|Any CPU
		{96DA0DCA-DE22-4DCB-B760-E24ECF71EE7E}.AppStore|ARM.Build.0 = Release|Any CPU
		{96DA0DCA-DE22-4DCB-B760-E24ECF71EE7E}.AppStore|iPhone.ActiveCfg = Release|Any CPU
		{96DA0DCA-DE22-4DCB-B760-E24ECF71EE7E}.AppStore|iPhone.Build.0 = Release|Any CPU
		{96DA0DCA-DE22-4DCB-B760-E24ECF71EE7E}.AppStore|iPhoneSimulator.ActiveCfg = Release|Any CPU
		{96DA0DCA-DE22-4DCB-B760-E24ECF71EE7E}.AppStore|iPhoneSimulator.Build.0 = Release|Any CPU
		{96DA0DCA-DE22-4DCB-B760-E24ECF71EE7E}.AppStore|x64.ActiveCfg = Release|Any CPU
		{96DA0DCA-DE22-4DCB-B760-E24ECF71EE7E}.AppStore|x64.Build.0 = Release|Any CPU
		{96DA0DCA-DE22-4DCB-B760-E24ECF71EE7E}.AppStore|x86.ActiveCfg = Release|Any CPU
		{96DA0DCA-DE22-4DCB-B760-E24ECF71EE7E}.AppStore|x86.Build.0 = Release|Any CPU
		{96DA0DCA-DE22-4DCB-B760-E24ECF71EE7E}.Debug|Any CPU.ActiveCfg = Debug|Any CPU
		{96DA0DCA-DE22-4DCB-B760-E24ECF71EE7E}.Debug|Any CPU.Build.0 = Debug|Any CPU
		{96DA0DCA-DE22-4DCB-B760-E24ECF71EE7E}.Debug|ARM.ActiveCfg = Debug|Any CPU
		{96DA0DCA-DE22-4DCB-B760-E24ECF71EE7E}.Debug|ARM.Build.0 = Debug|Any CPU
		{96DA0DCA-DE22-4DCB-B760-E24ECF71EE7E}.Debug|iPhone.ActiveCfg = Debug|Any CPU
		{96DA0DCA-DE22-4DCB-B760-E24ECF71EE7E}.Debug|iPhone.Build.0 = Debug|Any CPU
		{96DA0DCA-DE22-4DCB-B760-E24ECF71EE7E}.Debug|iPhoneSimulator.ActiveCfg = Debug|Any CPU
		{96DA0DCA-DE22-4DCB-B760-E24ECF71EE7E}.Debug|iPhoneSimulator.Build.0 = Debug|Any CPU
		{96DA0DCA-DE22-4DCB-B760-E24ECF71EE7E}.Debug|x64.ActiveCfg = Debug|Any CPU
		{96DA0DCA-DE22-4DCB-B760-E24ECF71EE7E}.Debug|x64.Build.0 = Debug|Any CPU
		{96DA0DCA-DE22-4DCB-B760-E24ECF71EE7E}.Debug|x86.ActiveCfg = Debug|Any CPU
		{96DA0DCA-DE22-4DCB-B760-E24ECF71EE7E}.Debug|x86.Build.0 = Debug|Any CPU
		{96DA0DCA-DE22-4DCB-B760-E24ECF71EE7E}.Release|Any CPU.ActiveCfg = Release|Any CPU
		{96DA0DCA-DE22-4DCB-B760-E24ECF71EE7E}.Release|Any CPU.Build.0 = Release|Any CPU
		{96DA0DCA-DE22-4DCB-B760-E24ECF71EE7E}.Release|ARM.ActiveCfg = Release|Any CPU
		{96DA0DCA-DE22-4DCB-B760-E24ECF71EE7E}.Release|ARM.Build.0 = Release|Any CPU
		{96DA0DCA-DE22-4DCB-B760-E24ECF71EE7E}.Release|iPhone.ActiveCfg = Release|Any CPU
		{96DA0DCA-DE22-4DCB-B760-E24ECF71EE7E}.Release|iPhone.Build.0 = Release|Any CPU
		{96DA0DCA-DE22-4DCB-B760-E24ECF71EE7E}.Release|iPhoneSimulator.ActiveCfg = Release|Any CPU
		{96DA0DCA-DE22-4DCB-B760-E24ECF71EE7E}.Release|iPhoneSimulator.Build.0 = Release|Any CPU
		{96DA0DCA-DE22-4DCB-B760-E24ECF71EE7E}.Release|x64.ActiveCfg = Release|Any CPU
		{96DA0DCA-DE22-4DCB-B760-E24ECF71EE7E}.Release|x64.Build.0 = Release|Any CPU
		{96DA0DCA-DE22-4DCB-B760-E24ECF71EE7E}.Release|x86.ActiveCfg = Release|Any CPU
		{96DA0DCA-DE22-4DCB-B760-E24ECF71EE7E}.Release|x86.Build.0 = Release|Any CPU
		{0F9F9AD3-143E-4C7F-B307-68AAC7D53057}.Ad-Hoc|Any CPU.ActiveCfg = Release|Any CPU
		{0F9F9AD3-143E-4C7F-B307-68AAC7D53057}.Ad-Hoc|Any CPU.Build.0 = Release|Any CPU
		{0F9F9AD3-143E-4C7F-B307-68AAC7D53057}.Ad-Hoc|ARM.ActiveCfg = Release|Any CPU
		{0F9F9AD3-143E-4C7F-B307-68AAC7D53057}.Ad-Hoc|ARM.Build.0 = Release|Any CPU
		{0F9F9AD3-143E-4C7F-B307-68AAC7D53057}.Ad-Hoc|iPhone.ActiveCfg = Release|Any CPU
		{0F9F9AD3-143E-4C7F-B307-68AAC7D53057}.Ad-Hoc|iPhone.Build.0 = Release|Any CPU
		{0F9F9AD3-143E-4C7F-B307-68AAC7D53057}.Ad-Hoc|iPhoneSimulator.ActiveCfg = Release|Any CPU
		{0F9F9AD3-143E-4C7F-B307-68AAC7D53057}.Ad-Hoc|iPhoneSimulator.Build.0 = Release|Any CPU
		{0F9F9AD3-143E-4C7F-B307-68AAC7D53057}.Ad-Hoc|x64.ActiveCfg = Release|Any CPU
		{0F9F9AD3-143E-4C7F-B307-68AAC7D53057}.Ad-Hoc|x64.Build.0 = Release|Any CPU
		{0F9F9AD3-143E-4C7F-B307-68AAC7D53057}.Ad-Hoc|x86.ActiveCfg = Release|Any CPU
		{0F9F9AD3-143E-4C7F-B307-68AAC7D53057}.Ad-Hoc|x86.Build.0 = Release|Any CPU
		{0F9F9AD3-143E-4C7F-B307-68AAC7D53057}.AppStore|Any CPU.ActiveCfg = Release|Any CPU
		{0F9F9AD3-143E-4C7F-B307-68AAC7D53057}.AppStore|Any CPU.Build.0 = Release|Any CPU
		{0F9F9AD3-143E-4C7F-B307-68AAC7D53057}.AppStore|ARM.ActiveCfg = Release|Any CPU
		{0F9F9AD3-143E-4C7F-B307-68AAC7D53057}.AppStore|ARM.Build.0 = Release|Any CPU
		{0F9F9AD3-143E-4C7F-B307-68AAC7D53057}.AppStore|iPhone.ActiveCfg = Release|Any CPU
		{0F9F9AD3-143E-4C7F-B307-68AAC7D53057}.AppStore|iPhone.Build.0 = Release|Any CPU
		{0F9F9AD3-143E-4C7F-B307-68AAC7D53057}.AppStore|iPhoneSimulator.ActiveCfg = Release|Any CPU
		{0F9F9AD3-143E-4C7F-B307-68AAC7D53057}.AppStore|iPhoneSimulator.Build.0 = Release|Any CPU
		{0F9F9AD3-143E-4C7F-B307-68AAC7D53057}.AppStore|x64.ActiveCfg = Release|Any CPU
		{0F9F9AD3-143E-4C7F-B307-68AAC7D53057}.AppStore|x64.Build.0 = Release|Any CPU
		{0F9F9AD3-143E-4C7F-B307-68AAC7D53057}.AppStore|x86.ActiveCfg = Release|Any CPU
		{0F9F9AD3-143E-4C7F-B307-68AAC7D53057}.AppStore|x86.Build.0 = Release|Any CPU
		{0F9F9AD3-143E-4C7F-B307-68AAC7D53057}.Debug|Any CPU.ActiveCfg = Debug|Any CPU
		{0F9F9AD3-143E-4C7F-B307-68AAC7D53057}.Debug|Any CPU.Build.0 = Debug|Any CPU
		{0F9F9AD3-143E-4C7F-B307-68AAC7D53057}.Debug|ARM.ActiveCfg = Debug|Any CPU
		{0F9F9AD3-143E-4C7F-B307-68AAC7D53057}.Debug|ARM.Build.0 = Debug|Any CPU
		{0F9F9AD3-143E-4C7F-B307-68AAC7D53057}.Debug|iPhone.ActiveCfg = Debug|Any CPU
		{0F9F9AD3-143E-4C7F-B307-68AAC7D53057}.Debug|iPhone.Build.0 = Debug|Any CPU
		{0F9F9AD3-143E-4C7F-B307-68AAC7D53057}.Debug|iPhoneSimulator.ActiveCfg = Debug|Any CPU
		{0F9F9AD3-143E-4C7F-B307-68AAC7D53057}.Debug|iPhoneSimulator.Build.0 = Debug|Any CPU
		{0F9F9AD3-143E-4C7F-B307-68AAC7D53057}.Debug|x64.ActiveCfg = Debug|Any CPU
		{0F9F9AD3-143E-4C7F-B307-68AAC7D53057}.Debug|x64.Build.0 = Debug|Any CPU
		{0F9F9AD3-143E-4C7F-B307-68AAC7D53057}.Debug|x86.ActiveCfg = Debug|Any CPU
		{0F9F9AD3-143E-4C7F-B307-68AAC7D53057}.Debug|x86.Build.0 = Debug|Any CPU
		{0F9F9AD3-143E-4C7F-B307-68AAC7D53057}.Release|Any CPU.ActiveCfg = Release|Any CPU
		{0F9F9AD3-143E-4C7F-B307-68AAC7D53057}.Release|Any CPU.Build.0 = Release|Any CPU
		{0F9F9AD3-143E-4C7F-B307-68AAC7D53057}.Release|ARM.ActiveCfg = Release|Any CPU
		{0F9F9AD3-143E-4C7F-B307-68AAC7D53057}.Release|ARM.Build.0 = Release|Any CPU
		{0F9F9AD3-143E-4C7F-B307-68AAC7D53057}.Release|iPhone.ActiveCfg = Release|Any CPU
		{0F9F9AD3-143E-4C7F-B307-68AAC7D53057}.Release|iPhone.Build.0 = Release|Any CPU
		{0F9F9AD3-143E-4C7F-B307-68AAC7D53057}.Release|iPhoneSimulator.ActiveCfg = Release|Any CPU
		{0F9F9AD3-143E-4C7F-B307-68AAC7D53057}.Release|iPhoneSimulator.Build.0 = Release|Any CPU
		{0F9F9AD3-143E-4C7F-B307-68AAC7D53057}.Release|x64.ActiveCfg = Release|Any CPU
		{0F9F9AD3-143E-4C7F-B307-68AAC7D53057}.Release|x64.Build.0 = Release|Any CPU
		{0F9F9AD3-143E-4C7F-B307-68AAC7D53057}.Release|x86.ActiveCfg = Release|Any CPU
		{0F9F9AD3-143E-4C7F-B307-68AAC7D53057}.Release|x86.Build.0 = Release|Any CPU
		{B23F7028-E007-47BE-A103-3F1119881544}.Ad-Hoc|Any CPU.ActiveCfg = Release|Any CPU
		{B23F7028-E007-47BE-A103-3F1119881544}.Ad-Hoc|Any CPU.Build.0 = Release|Any CPU
		{B23F7028-E007-47BE-A103-3F1119881544}.Ad-Hoc|ARM.ActiveCfg = Release|Any CPU
		{B23F7028-E007-47BE-A103-3F1119881544}.Ad-Hoc|ARM.Build.0 = Release|Any CPU
		{B23F7028-E007-47BE-A103-3F1119881544}.Ad-Hoc|iPhone.ActiveCfg = Release|Any CPU
		{B23F7028-E007-47BE-A103-3F1119881544}.Ad-Hoc|iPhone.Build.0 = Release|Any CPU
		{B23F7028-E007-47BE-A103-3F1119881544}.Ad-Hoc|iPhoneSimulator.ActiveCfg = Release|Any CPU
		{B23F7028-E007-47BE-A103-3F1119881544}.Ad-Hoc|iPhoneSimulator.Build.0 = Release|Any CPU
		{B23F7028-E007-47BE-A103-3F1119881544}.Ad-Hoc|x64.ActiveCfg = Release|Any CPU
		{B23F7028-E007-47BE-A103-3F1119881544}.Ad-Hoc|x64.Build.0 = Release|Any CPU
		{B23F7028-E007-47BE-A103-3F1119881544}.Ad-Hoc|x86.ActiveCfg = Release|Any CPU
		{B23F7028-E007-47BE-A103-3F1119881544}.Ad-Hoc|x86.Build.0 = Release|Any CPU
		{B23F7028-E007-47BE-A103-3F1119881544}.AppStore|Any CPU.ActiveCfg = Release|Any CPU
		{B23F7028-E007-47BE-A103-3F1119881544}.AppStore|Any CPU.Build.0 = Release|Any CPU
		{B23F7028-E007-47BE-A103-3F1119881544}.AppStore|ARM.ActiveCfg = Release|Any CPU
		{B23F7028-E007-47BE-A103-3F1119881544}.AppStore|ARM.Build.0 = Release|Any CPU
		{B23F7028-E007-47BE-A103-3F1119881544}.AppStore|iPhone.ActiveCfg = Release|Any CPU
		{B23F7028-E007-47BE-A103-3F1119881544}.AppStore|iPhone.Build.0 = Release|Any CPU
		{B23F7028-E007-47BE-A103-3F1119881544}.AppStore|iPhoneSimulator.ActiveCfg = Release|Any CPU
		{B23F7028-E007-47BE-A103-3F1119881544}.AppStore|iPhoneSimulator.Build.0 = Release|Any CPU
		{B23F7028-E007-47BE-A103-3F1119881544}.AppStore|x64.ActiveCfg = Release|Any CPU
		{B23F7028-E007-47BE-A103-3F1119881544}.AppStore|x64.Build.0 = Release|Any CPU
		{B23F7028-E007-47BE-A103-3F1119881544}.AppStore|x86.ActiveCfg = Release|Any CPU
		{B23F7028-E007-47BE-A103-3F1119881544}.AppStore|x86.Build.0 = Release|Any CPU
		{B23F7028-E007-47BE-A103-3F1119881544}.Debug|Any CPU.ActiveCfg = Debug|Any CPU
		{B23F7028-E007-47BE-A103-3F1119881544}.Debug|Any CPU.Build.0 = Debug|Any CPU
		{B23F7028-E007-47BE-A103-3F1119881544}.Debug|ARM.ActiveCfg = Debug|Any CPU
		{B23F7028-E007-47BE-A103-3F1119881544}.Debug|ARM.Build.0 = Debug|Any CPU
		{B23F7028-E007-47BE-A103-3F1119881544}.Debug|iPhone.ActiveCfg = Debug|Any CPU
		{B23F7028-E007-47BE-A103-3F1119881544}.Debug|iPhone.Build.0 = Debug|Any CPU
		{B23F7028-E007-47BE-A103-3F1119881544}.Debug|iPhoneSimulator.ActiveCfg = Debug|Any CPU
		{B23F7028-E007-47BE-A103-3F1119881544}.Debug|iPhoneSimulator.Build.0 = Debug|Any CPU
		{B23F7028-E007-47BE-A103-3F1119881544}.Debug|x64.ActiveCfg = Debug|Any CPU
		{B23F7028-E007-47BE-A103-3F1119881544}.Debug|x64.Build.0 = Debug|Any CPU
		{B23F7028-E007-47BE-A103-3F1119881544}.Debug|x86.ActiveCfg = Debug|Any CPU
		{B23F7028-E007-47BE-A103-3F1119881544}.Debug|x86.Build.0 = Debug|Any CPU
		{B23F7028-E007-47BE-A103-3F1119881544}.Release|Any CPU.ActiveCfg = Release|Any CPU
		{B23F7028-E007-47BE-A103-3F1119881544}.Release|Any CPU.Build.0 = Release|Any CPU
		{B23F7028-E007-47BE-A103-3F1119881544}.Release|ARM.ActiveCfg = Release|Any CPU
		{B23F7028-E007-47BE-A103-3F1119881544}.Release|ARM.Build.0 = Release|Any CPU
		{B23F7028-E007-47BE-A103-3F1119881544}.Release|iPhone.ActiveCfg = Release|Any CPU
		{B23F7028-E007-47BE-A103-3F1119881544}.Release|iPhone.Build.0 = Release|Any CPU
		{B23F7028-E007-47BE-A103-3F1119881544}.Release|iPhoneSimulator.ActiveCfg = Release|Any CPU
		{B23F7028-E007-47BE-A103-3F1119881544}.Release|iPhoneSimulator.Build.0 = Release|Any CPU
		{B23F7028-E007-47BE-A103-3F1119881544}.Release|x64.ActiveCfg = Release|Any CPU
		{B23F7028-E007-47BE-A103-3F1119881544}.Release|x64.Build.0 = Release|Any CPU
		{B23F7028-E007-47BE-A103-3F1119881544}.Release|x86.ActiveCfg = Release|Any CPU
		{B23F7028-E007-47BE-A103-3F1119881544}.Release|x86.Build.0 = Release|Any CPU
		{4D64E675-AC30-4F49-AADA-35D299D9D94F}.Ad-Hoc|Any CPU.ActiveCfg = Release|Any CPU
		{4D64E675-AC30-4F49-AADA-35D299D9D94F}.Ad-Hoc|Any CPU.Build.0 = Release|Any CPU
		{4D64E675-AC30-4F49-AADA-35D299D9D94F}.Ad-Hoc|ARM.ActiveCfg = Release|Any CPU
		{4D64E675-AC30-4F49-AADA-35D299D9D94F}.Ad-Hoc|ARM.Build.0 = Release|Any CPU
		{4D64E675-AC30-4F49-AADA-35D299D9D94F}.Ad-Hoc|iPhone.ActiveCfg = Release|Any CPU
		{4D64E675-AC30-4F49-AADA-35D299D9D94F}.Ad-Hoc|iPhone.Build.0 = Release|Any CPU
		{4D64E675-AC30-4F49-AADA-35D299D9D94F}.Ad-Hoc|iPhoneSimulator.ActiveCfg = Release|Any CPU
		{4D64E675-AC30-4F49-AADA-35D299D9D94F}.Ad-Hoc|iPhoneSimulator.Build.0 = Release|Any CPU
		{4D64E675-AC30-4F49-AADA-35D299D9D94F}.Ad-Hoc|x64.ActiveCfg = Release|Any CPU
		{4D64E675-AC30-4F49-AADA-35D299D9D94F}.Ad-Hoc|x64.Build.0 = Release|Any CPU
		{4D64E675-AC30-4F49-AADA-35D299D9D94F}.Ad-Hoc|x86.ActiveCfg = Release|Any CPU
		{4D64E675-AC30-4F49-AADA-35D299D9D94F}.Ad-Hoc|x86.Build.0 = Release|Any CPU
		{4D64E675-AC30-4F49-AADA-35D299D9D94F}.AppStore|Any CPU.ActiveCfg = Release|Any CPU
		{4D64E675-AC30-4F49-AADA-35D299D9D94F}.AppStore|Any CPU.Build.0 = Release|Any CPU
		{4D64E675-AC30-4F49-AADA-35D299D9D94F}.AppStore|ARM.ActiveCfg = Release|Any CPU
		{4D64E675-AC30-4F49-AADA-35D299D9D94F}.AppStore|ARM.Build.0 = Release|Any CPU
		{4D64E675-AC30-4F49-AADA-35D299D9D94F}.AppStore|iPhone.ActiveCfg = Release|Any CPU
		{4D64E675-AC30-4F49-AADA-35D299D9D94F}.AppStore|iPhone.Build.0 = Release|Any CPU
		{4D64E675-AC30-4F49-AADA-35D299D9D94F}.AppStore|iPhoneSimulator.ActiveCfg = Release|Any CPU
		{4D64E675-AC30-4F49-AADA-35D299D9D94F}.AppStore|iPhoneSimulator.Build.0 = Release|Any CPU
		{4D64E675-AC30-4F49-AADA-35D299D9D94F}.AppStore|x64.ActiveCfg = Release|Any CPU
		{4D64E675-AC30-4F49-AADA-35D299D9D94F}.AppStore|x64.Build.0 = Release|Any CPU
		{4D64E675-AC30-4F49-AADA-35D299D9D94F}.AppStore|x86.ActiveCfg = Release|Any CPU
		{4D64E675-AC30-4F49-AADA-35D299D9D94F}.AppStore|x86.Build.0 = Release|Any CPU
		{4D64E675-AC30-4F49-AADA-35D299D9D94F}.Debug|Any CPU.ActiveCfg = Debug|Any CPU
		{4D64E675-AC30-4F49-AADA-35D299D9D94F}.Debug|Any CPU.Build.0 = Debug|Any CPU
		{4D64E675-AC30-4F49-AADA-35D299D9D94F}.Debug|ARM.ActiveCfg = Debug|Any CPU
		{4D64E675-AC30-4F49-AADA-35D299D9D94F}.Debug|ARM.Build.0 = Debug|Any CPU
		{4D64E675-AC30-4F49-AADA-35D299D9D94F}.Debug|iPhone.ActiveCfg = Debug|Any CPU
		{4D64E675-AC30-4F49-AADA-35D299D9D94F}.Debug|iPhone.Build.0 = Debug|Any CPU
		{4D64E675-AC30-4F49-AADA-35D299D9D94F}.Debug|iPhoneSimulator.ActiveCfg = Debug|Any CPU
		{4D64E675-AC30-4F49-AADA-35D299D9D94F}.Debug|iPhoneSimulator.Build.0 = Debug|Any CPU
		{4D64E675-AC30-4F49-AADA-35D299D9D94F}.Debug|x64.ActiveCfg = Debug|Any CPU
		{4D64E675-AC30-4F49-AADA-35D299D9D94F}.Debug|x64.Build.0 = Debug|Any CPU
		{4D64E675-AC30-4F49-AADA-35D299D9D94F}.Debug|x86.ActiveCfg = Debug|Any CPU
		{4D64E675-AC30-4F49-AADA-35D299D9D94F}.Debug|x86.Build.0 = Debug|Any CPU
		{4D64E675-AC30-4F49-AADA-35D299D9D94F}.Release|Any CPU.ActiveCfg = Release|Any CPU
		{4D64E675-AC30-4F49-AADA-35D299D9D94F}.Release|Any CPU.Build.0 = Release|Any CPU
		{4D64E675-AC30-4F49-AADA-35D299D9D94F}.Release|ARM.ActiveCfg = Release|Any CPU
		{4D64E675-AC30-4F49-AADA-35D299D9D94F}.Release|ARM.Build.0 = Release|Any CPU
		{4D64E675-AC30-4F49-AADA-35D299D9D94F}.Release|iPhone.ActiveCfg = Release|Any CPU
		{4D64E675-AC30-4F49-AADA-35D299D9D94F}.Release|iPhone.Build.0 = Release|Any CPU
		{4D64E675-AC30-4F49-AADA-35D299D9D94F}.Release|iPhoneSimulator.ActiveCfg = Release|Any CPU
		{4D64E675-AC30-4F49-AADA-35D299D9D94F}.Release|iPhoneSimulator.Build.0 = Release|Any CPU
		{4D64E675-AC30-4F49-AADA-35D299D9D94F}.Release|x64.ActiveCfg = Release|Any CPU
		{4D64E675-AC30-4F49-AADA-35D299D9D94F}.Release|x64.Build.0 = Release|Any CPU
		{4D64E675-AC30-4F49-AADA-35D299D9D94F}.Release|x86.ActiveCfg = Release|Any CPU
		{4D64E675-AC30-4F49-AADA-35D299D9D94F}.Release|x86.Build.0 = Release|Any CPU
		{3EDF95B6-F2C7-4E55-B3B2-A465B462C3D9}.Ad-Hoc|Any CPU.ActiveCfg = Release|Any CPU
		{3EDF95B6-F2C7-4E55-B3B2-A465B462C3D9}.Ad-Hoc|Any CPU.Build.0 = Release|Any CPU
		{3EDF95B6-F2C7-4E55-B3B2-A465B462C3D9}.Ad-Hoc|ARM.ActiveCfg = Release|Any CPU
		{3EDF95B6-F2C7-4E55-B3B2-A465B462C3D9}.Ad-Hoc|ARM.Build.0 = Release|Any CPU
		{3EDF95B6-F2C7-4E55-B3B2-A465B462C3D9}.Ad-Hoc|iPhone.ActiveCfg = Release|Any CPU
		{3EDF95B6-F2C7-4E55-B3B2-A465B462C3D9}.Ad-Hoc|iPhone.Build.0 = Release|Any CPU
		{3EDF95B6-F2C7-4E55-B3B2-A465B462C3D9}.Ad-Hoc|iPhoneSimulator.ActiveCfg = Release|Any CPU
		{3EDF95B6-F2C7-4E55-B3B2-A465B462C3D9}.Ad-Hoc|iPhoneSimulator.Build.0 = Release|Any CPU
		{3EDF95B6-F2C7-4E55-B3B2-A465B462C3D9}.Ad-Hoc|x64.ActiveCfg = Release|Any CPU
		{3EDF95B6-F2C7-4E55-B3B2-A465B462C3D9}.Ad-Hoc|x64.Build.0 = Release|Any CPU
		{3EDF95B6-F2C7-4E55-B3B2-A465B462C3D9}.Ad-Hoc|x86.ActiveCfg = Release|Any CPU
		{3EDF95B6-F2C7-4E55-B3B2-A465B462C3D9}.Ad-Hoc|x86.Build.0 = Release|Any CPU
		{3EDF95B6-F2C7-4E55-B3B2-A465B462C3D9}.AppStore|Any CPU.ActiveCfg = Release|Any CPU
		{3EDF95B6-F2C7-4E55-B3B2-A465B462C3D9}.AppStore|Any CPU.Build.0 = Release|Any CPU
		{3EDF95B6-F2C7-4E55-B3B2-A465B462C3D9}.AppStore|ARM.ActiveCfg = Release|Any CPU
		{3EDF95B6-F2C7-4E55-B3B2-A465B462C3D9}.AppStore|ARM.Build.0 = Release|Any CPU
		{3EDF95B6-F2C7-4E55-B3B2-A465B462C3D9}.AppStore|iPhone.ActiveCfg = Release|Any CPU
		{3EDF95B6-F2C7-4E55-B3B2-A465B462C3D9}.AppStore|iPhone.Build.0 = Release|Any CPU
		{3EDF95B6-F2C7-4E55-B3B2-A465B462C3D9}.AppStore|iPhoneSimulator.ActiveCfg = Release|Any CPU
		{3EDF95B6-F2C7-4E55-B3B2-A465B462C3D9}.AppStore|iPhoneSimulator.Build.0 = Release|Any CPU
		{3EDF95B6-F2C7-4E55-B3B2-A465B462C3D9}.AppStore|x64.ActiveCfg = Release|Any CPU
		{3EDF95B6-F2C7-4E55-B3B2-A465B462C3D9}.AppStore|x64.Build.0 = Release|Any CPU
		{3EDF95B6-F2C7-4E55-B3B2-A465B462C3D9}.AppStore|x86.ActiveCfg = Release|Any CPU
		{3EDF95B6-F2C7-4E55-B3B2-A465B462C3D9}.AppStore|x86.Build.0 = Release|Any CPU
		{3EDF95B6-F2C7-4E55-B3B2-A465B462C3D9}.Debug|Any CPU.ActiveCfg = Debug|Any CPU
		{3EDF95B6-F2C7-4E55-B3B2-A465B462C3D9}.Debug|Any CPU.Build.0 = Debug|Any CPU
		{3EDF95B6-F2C7-4E55-B3B2-A465B462C3D9}.Debug|ARM.ActiveCfg = Debug|Any CPU
		{3EDF95B6-F2C7-4E55-B3B2-A465B462C3D9}.Debug|ARM.Build.0 = Debug|Any CPU
		{3EDF95B6-F2C7-4E55-B3B2-A465B462C3D9}.Debug|iPhone.ActiveCfg = Debug|Any CPU
		{3EDF95B6-F2C7-4E55-B3B2-A465B462C3D9}.Debug|iPhone.Build.0 = Debug|Any CPU
		{3EDF95B6-F2C7-4E55-B3B2-A465B462C3D9}.Debug|iPhoneSimulator.ActiveCfg = Debug|Any CPU
		{3EDF95B6-F2C7-4E55-B3B2-A465B462C3D9}.Debug|iPhoneSimulator.Build.0 = Debug|Any CPU
		{3EDF95B6-F2C7-4E55-B3B2-A465B462C3D9}.Debug|x64.ActiveCfg = Debug|Any CPU
		{3EDF95B6-F2C7-4E55-B3B2-A465B462C3D9}.Debug|x64.Build.0 = Debug|Any CPU
		{3EDF95B6-F2C7-4E55-B3B2-A465B462C3D9}.Debug|x86.ActiveCfg = Debug|Any CPU
		{3EDF95B6-F2C7-4E55-B3B2-A465B462C3D9}.Debug|x86.Build.0 = Debug|Any CPU
		{3EDF95B6-F2C7-4E55-B3B2-A465B462C3D9}.Release|Any CPU.ActiveCfg = Release|Any CPU
		{3EDF95B6-F2C7-4E55-B3B2-A465B462C3D9}.Release|Any CPU.Build.0 = Release|Any CPU
		{3EDF95B6-F2C7-4E55-B3B2-A465B462C3D9}.Release|ARM.ActiveCfg = Release|Any CPU
		{3EDF95B6-F2C7-4E55-B3B2-A465B462C3D9}.Release|ARM.Build.0 = Release|Any CPU
		{3EDF95B6-F2C7-4E55-B3B2-A465B462C3D9}.Release|iPhone.ActiveCfg = Release|Any CPU
		{3EDF95B6-F2C7-4E55-B3B2-A465B462C3D9}.Release|iPhone.Build.0 = Release|Any CPU
		{3EDF95B6-F2C7-4E55-B3B2-A465B462C3D9}.Release|iPhoneSimulator.ActiveCfg = Release|Any CPU
		{3EDF95B6-F2C7-4E55-B3B2-A465B462C3D9}.Release|iPhoneSimulator.Build.0 = Release|Any CPU
		{3EDF95B6-F2C7-4E55-B3B2-A465B462C3D9}.Release|x64.ActiveCfg = Release|Any CPU
		{3EDF95B6-F2C7-4E55-B3B2-A465B462C3D9}.Release|x64.Build.0 = Release|Any CPU
		{3EDF95B6-F2C7-4E55-B3B2-A465B462C3D9}.Release|x86.ActiveCfg = Release|Any CPU
		{3EDF95B6-F2C7-4E55-B3B2-A465B462C3D9}.Release|x86.Build.0 = Release|Any CPU
		{25D87635-DA11-4064-A907-3162C1C160F7}.Ad-Hoc|Any CPU.ActiveCfg = Release|Any CPU
		{25D87635-DA11-4064-A907-3162C1C160F7}.Ad-Hoc|Any CPU.Build.0 = Release|Any CPU
		{25D87635-DA11-4064-A907-3162C1C160F7}.Ad-Hoc|ARM.ActiveCfg = Release|Any CPU
		{25D87635-DA11-4064-A907-3162C1C160F7}.Ad-Hoc|ARM.Build.0 = Release|Any CPU
		{25D87635-DA11-4064-A907-3162C1C160F7}.Ad-Hoc|iPhone.ActiveCfg = Release|Any CPU
		{25D87635-DA11-4064-A907-3162C1C160F7}.Ad-Hoc|iPhone.Build.0 = Release|Any CPU
		{25D87635-DA11-4064-A907-3162C1C160F7}.Ad-Hoc|iPhoneSimulator.ActiveCfg = Release|Any CPU
		{25D87635-DA11-4064-A907-3162C1C160F7}.Ad-Hoc|iPhoneSimulator.Build.0 = Release|Any CPU
		{25D87635-DA11-4064-A907-3162C1C160F7}.Ad-Hoc|x64.ActiveCfg = Release|Any CPU
		{25D87635-DA11-4064-A907-3162C1C160F7}.Ad-Hoc|x64.Build.0 = Release|Any CPU
		{25D87635-DA11-4064-A907-3162C1C160F7}.Ad-Hoc|x86.ActiveCfg = Release|Any CPU
		{25D87635-DA11-4064-A907-3162C1C160F7}.Ad-Hoc|x86.Build.0 = Release|Any CPU
		{25D87635-DA11-4064-A907-3162C1C160F7}.AppStore|Any CPU.ActiveCfg = Release|Any CPU
		{25D87635-DA11-4064-A907-3162C1C160F7}.AppStore|Any CPU.Build.0 = Release|Any CPU
		{25D87635-DA11-4064-A907-3162C1C160F7}.AppStore|ARM.ActiveCfg = Release|Any CPU
		{25D87635-DA11-4064-A907-3162C1C160F7}.AppStore|ARM.Build.0 = Release|Any CPU
		{25D87635-DA11-4064-A907-3162C1C160F7}.AppStore|iPhone.ActiveCfg = Release|Any CPU
		{25D87635-DA11-4064-A907-3162C1C160F7}.AppStore|iPhone.Build.0 = Release|Any CPU
		{25D87635-DA11-4064-A907-3162C1C160F7}.AppStore|iPhoneSimulator.ActiveCfg = Release|Any CPU
		{25D87635-DA11-4064-A907-3162C1C160F7}.AppStore|iPhoneSimulator.Build.0 = Release|Any CPU
		{25D87635-DA11-4064-A907-3162C1C160F7}.AppStore|x64.ActiveCfg = Release|Any CPU
		{25D87635-DA11-4064-A907-3162C1C160F7}.AppStore|x64.Build.0 = Release|Any CPU
		{25D87635-DA11-4064-A907-3162C1C160F7}.AppStore|x86.ActiveCfg = Release|Any CPU
		{25D87635-DA11-4064-A907-3162C1C160F7}.AppStore|x86.Build.0 = Release|Any CPU
		{25D87635-DA11-4064-A907-3162C1C160F7}.Debug|Any CPU.ActiveCfg = Debug|Any CPU
		{25D87635-DA11-4064-A907-3162C1C160F7}.Debug|Any CPU.Build.0 = Debug|Any CPU
		{25D87635-DA11-4064-A907-3162C1C160F7}.Debug|ARM.ActiveCfg = Debug|Any CPU
		{25D87635-DA11-4064-A907-3162C1C160F7}.Debug|ARM.Build.0 = Debug|Any CPU
		{25D87635-DA11-4064-A907-3162C1C160F7}.Debug|iPhone.ActiveCfg = Debug|Any CPU
		{25D87635-DA11-4064-A907-3162C1C160F7}.Debug|iPhone.Build.0 = Debug|Any CPU
		{25D87635-DA11-4064-A907-3162C1C160F7}.Debug|iPhoneSimulator.ActiveCfg = Debug|Any CPU
		{25D87635-DA11-4064-A907-3162C1C160F7}.Debug|iPhoneSimulator.Build.0 = Debug|Any CPU
		{25D87635-DA11-4064-A907-3162C1C160F7}.Debug|x64.ActiveCfg = Debug|Any CPU
		{25D87635-DA11-4064-A907-3162C1C160F7}.Debug|x64.Build.0 = Debug|Any CPU
		{25D87635-DA11-4064-A907-3162C1C160F7}.Debug|x86.ActiveCfg = Debug|Any CPU
		{25D87635-DA11-4064-A907-3162C1C160F7}.Debug|x86.Build.0 = Debug|Any CPU
		{25D87635-DA11-4064-A907-3162C1C160F7}.Release|Any CPU.ActiveCfg = Release|Any CPU
		{25D87635-DA11-4064-A907-3162C1C160F7}.Release|Any CPU.Build.0 = Release|Any CPU
		{25D87635-DA11-4064-A907-3162C1C160F7}.Release|ARM.ActiveCfg = Release|Any CPU
		{25D87635-DA11-4064-A907-3162C1C160F7}.Release|ARM.Build.0 = Release|Any CPU
		{25D87635-DA11-4064-A907-3162C1C160F7}.Release|iPhone.ActiveCfg = Release|Any CPU
		{25D87635-DA11-4064-A907-3162C1C160F7}.Release|iPhone.Build.0 = Release|Any CPU
		{25D87635-DA11-4064-A907-3162C1C160F7}.Release|iPhoneSimulator.ActiveCfg = Release|Any CPU
		{25D87635-DA11-4064-A907-3162C1C160F7}.Release|iPhoneSimulator.Build.0 = Release|Any CPU
		{25D87635-DA11-4064-A907-3162C1C160F7}.Release|x64.ActiveCfg = Release|Any CPU
		{25D87635-DA11-4064-A907-3162C1C160F7}.Release|x64.Build.0 = Release|Any CPU
		{25D87635-DA11-4064-A907-3162C1C160F7}.Release|x86.ActiveCfg = Release|Any CPU
		{25D87635-DA11-4064-A907-3162C1C160F7}.Release|x86.Build.0 = Release|Any CPU
	EndGlobalSection
	GlobalSection(SolutionProperties) = preSolution
		HideSolutionNode = FALSE
	EndGlobalSection
	GlobalSection(NestedProjects) = preSolution
		{25D87635-DA11-4064-A907-3162C1C160F7} = {62EDA5BC-4EC1-4008-AB3D-D5BF8EABF511}
	EndGlobalSection
EndGlobal
